
Microsoft Visual Studio Solution File, Format Version 12.00
# Visual Studio 2012
Project("{FAE04EC0-301F-11D3-BF4B-00C04F79EFBC}") = "Lab2", "WindowsFormsApplication1\Lab2.csproj", "{D2C85BDD-6DDF-4F8D-BF2C-2675BBC06CCE}"
EndProject
Project("{FAE04EC0-301F-11D3-BF4B-00C04F79EFBC}") = "Tests", "Tests\Tests.csproj", "{0A12B1C3-BAF8-45CC-9988-F4251D0E9BDD}"
	ProjectSection(ProjectDependencies) = postProject
		{D2C85BDD-6DDF-4F8D-BF2C-2675BBC06CCE} = {D2C85BDD-6DDF-4F8D-BF2C-2675BBC06CCE}
	EndProjectSection
EndProject
Global
	GlobalSection(SolutionConfigurationPlatforms) = preSolution
		Debug|Any CPU = Debug|Any CPU
		Release|Any CPU = Release|Any CPU
	EndGlobalSection
	GlobalSection(ProjectConfigurationPlatforms) = postSolution
		{D2C85BDD-6DDF-4F8D-BF2C-2675BBC06CCE}.Debug|Any CPU.ActiveCfg = Debug|Any CPU
		{D2C85BDD-6DDF-4F8D-BF2C-2675BBC06CCE}.Debug|Any CPU.Build.0 = Debug|Any CPU
		{D2C85BDD-6DDF-4F8D-BF2C-2675BBC06CCE}.Release|Any CPU.ActiveCfg = Release|Any CPU
		{D2C85BDD-6DDF-4F8D-BF2C-2675BBC06CCE}.Release|Any CPU.Build.0 = Release|Any CPU
		{0A12B1C3-BAF8-45CC-9988-F4251D0E9BDD}.Debug|Any CPU.ActiveCfg = Debug|Any CPU
		{0A12B1C3-BAF8-45CC-9988-F4251D0E9BDD}.Debug|Any CPU.Build.0 = Debug|Any CPU
		{0A12B1C3-BAF8-45CC-9988-F4251D0E9BDD}.Release|Any CPU.ActiveCfg = Release|Any CPU
		{0A12B1C3-BAF8-45CC-9988-F4251D0E9BDD}.Release|Any CPU.Build.0 = Release|Any CPU
	EndGlobalSection
	GlobalSection(SolutionProperties) = preSolution
		HideSolutionNode = FALSE
	EndGlobalSection
EndGlobal
